// !$*UTF8*$!
{
	archiveVersion = 1;
	classes = {
	};
	objectVersion = 56;
	objects = {

/* Begin PBXBuildFile section */
		350F2A612B6ED50600D2F9A3 /* ApplicationSupportDirectory.m in Sources */ = {isa = PBXBuildFile; fileRef = 350F2A602B6ED50600D2F9A3 /* ApplicationSupportDirectory.m */; };
		35A758042B5FBC8A003C8620 /* AppDelegate.m in Sources */ = {isa = PBXBuildFile; fileRef = 35A758032B5FBC8A003C8620 /* AppDelegate.m */; };
		35A7580E2B5FBC8A003C8620 /* GameViewController.m in Sources */ = {isa = PBXBuildFile; fileRef = 35A7580D2B5FBC8A003C8620 /* GameViewController.m */; };
		35A758112B5FBC8A003C8620 /* Main.storyboard in Resources */ = {isa = PBXBuildFile; fileRef = 35A7580F2B5FBC8A003C8620 /* Main.storyboard */; };
		35A758132B5FBC8F003C8620 /* Assets.xcassets in Resources */ = {isa = PBXBuildFile; fileRef = 35A758122B5FBC8F003C8620 /* Assets.xcassets */; };
		35A758162B5FBC8F003C8620 /* LaunchScreen.storyboard in Resources */ = {isa = PBXBuildFile; fileRef = 35A758142B5FBC8F003C8620 /* LaunchScreen.storyboard */; };
		35A758182B5FBC8F003C8620 /* main.m in Sources */ = {isa = PBXBuildFile; fileRef = 35A758172B5FBC8F003C8620 /* main.m */; };
		35A758242B5FC0A9003C8620 /* GameController.framework in Frameworks */ = {isa = PBXBuildFile; fileRef = 35A758232B5FC0A9003C8620 /* GameController.framework */; };
		35A758292B5FEF43003C8620 /* kingdoms.xcframework in Frameworks */ = {isa = PBXBuildFile; fileRef = 35A758252B5FCA41003C8620 /* kingdoms.xcframework */; };
/* End PBXBuildFile section */

/* Begin PBXFileReference section */
		350F2A5F2B6ED4E600D2F9A3 /* ApplicationSupportDirectory.h */ = {isa = PBXFileReference; lastKnownFileType = sourcecode.c.h; path = ApplicationSupportDirectory.h; sourceTree = "<group>"; };
		350F2A602B6ED50600D2F9A3 /* ApplicationSupportDirectory.m */ = {isa = PBXFileReference; lastKnownFileType = sourcecode.c.objc; path = ApplicationSupportDirectory.m; sourceTree = "<group>"; };
		35A757FF2B5FBC8A003C8620 /* Kingdoms.app */ = {isa = PBXFileReference; explicitFileType = wrapper.application; includeInIndex = 0; path = Kingdoms.app; sourceTree = BUILT_PRODUCTS_DIR; };
		35A758022B5FBC8A003C8620 /* AppDelegate.h */ = {isa = PBXFileReference; lastKnownFileType = sourcecode.c.h; path = AppDelegate.h; sourceTree = "<group>"; };
		35A758032B5FBC8A003C8620 /* AppDelegate.m */ = {isa = PBXFileReference; lastKnownFileType = sourcecode.c.objc; path = AppDelegate.m; sourceTree = "<group>"; };
		35A7580C2B5FBC8A003C8620 /* GameViewController.h */ = {isa = PBXFileReference; lastKnownFileType = sourcecode.c.h; path = GameViewController.h; sourceTree = "<group>"; };
		35A7580D2B5FBC8A003C8620 /* GameViewController.m */ = {isa = PBXFileReference; lastKnownFileType = sourcecode.c.objc; path = GameViewController.m; sourceTree = "<group>"; };
		35A758102B5FBC8A003C8620 /* Base */ = {isa = PBXFileReference; lastKnownFileType = file.storyboard; name = Base; path = Base.lproj/Main.storyboard; sourceTree = "<group>"; };
		35A758122B5FBC8F003C8620 /* Assets.xcassets */ = {isa = PBXFileReference; lastKnownFileType = folder.assetcatalog; path = Assets.xcassets; sourceTree = "<group>"; };
		35A758152B5FBC8F003C8620 /* Base */ = {isa = PBXFileReference; lastKnownFileType = file.storyboard; name = Base; path = Base.lproj/LaunchScreen.storyboard; sourceTree = "<group>"; };
		35A758172B5FBC8F003C8620 /* main.m */ = {isa = PBXFileReference; lastKnownFileType = sourcecode.c.objc; path = main.m; sourceTree = "<group>"; };
		35A758232B5FC0A9003C8620 /* GameController.framework */ = {isa = PBXFileReference; lastKnownFileType = wrapper.framework; name = GameController.framework; path = System/Library/Frameworks/GameController.framework; sourceTree = SDKROOT; };
		35A758252B5FCA41003C8620 /* kingdoms.xcframework */ = {isa = PBXFileReference; lastKnownFileType = wrapper.xcframework; name = kingdoms.xcframework; path = ../kingdoms.xcframework; sourceTree = "<group>"; };
/* End PBXFileReference section */

/* Begin PBXFrameworksBuildPhase section */
		35A757FC2B5FBC8A003C8620 /* Frameworks */ = {
			isa = PBXFrameworksBuildPhase;
			buildActionMask = 2147483647;
			files = (
				35A758242B5FC0A9003C8620 /* GameController.framework in Frameworks */,
				35A758292B5FEF43003C8620 /* kingdoms.xcframework in Frameworks */,
			);
			runOnlyForDeploymentPostprocessing = 0;
		};
/* End PBXFrameworksBuildPhase section */

/* Begin PBXGroup section */
		35A757F62B5FBC8A003C8620 = {
			isa = PBXGroup;
			children = (
				35A758012B5FBC8A003C8620 /* Kingdoms */,
				35A758002B5FBC8A003C8620 /* Products */,
				35A7581E2B5FC09E003C8620 /* Frameworks */,
			);
			sourceTree = "<group>";
		};
		35A758002B5FBC8A003C8620 /* Products */ = {
			isa = PBXGroup;
			children = (
				35A757FF2B5FBC8A003C8620 /* Kingdoms.app */,
			);
			name = Products;
			sourceTree = "<group>";
		};
		35A758012B5FBC8A003C8620 /* Kingdoms */ = {
			isa = PBXGroup;
			children = (
				35A758022B5FBC8A003C8620 /* AppDelegate.h */,
				35A758032B5FBC8A003C8620 /* AppDelegate.m */,
				35A7580C2B5FBC8A003C8620 /* GameViewController.h */,
				35A7580D2B5FBC8A003C8620 /* GameViewController.m */,
				35A7580F2B5FBC8A003C8620 /* Main.storyboard */,
				35A758122B5FBC8F003C8620 /* Assets.xcassets */,
				35A758142B5FBC8F003C8620 /* LaunchScreen.storyboard */,
				35A758172B5FBC8F003C8620 /* main.m */,
				350F2A5F2B6ED4E600D2F9A3 /* ApplicationSupportDirectory.h */,
				350F2A602B6ED50600D2F9A3 /* ApplicationSupportDirectory.m */,
			);
			path = Kingdoms;
			sourceTree = "<group>";
		};
		35A7581E2B5FC09E003C8620 /* Frameworks */ = {
			isa = PBXGroup;
			children = (
				35A758252B5FCA41003C8620 /* kingdoms.xcframework */,
				35A758232B5FC0A9003C8620 /* GameController.framework */,
			);
			name = Frameworks;
			sourceTree = "<group>";
		};
/* End PBXGroup section */

/* Begin PBXNativeTarget section */
		35A757FE2B5FBC8A003C8620 /* Kingdoms */ = {
			isa = PBXNativeTarget;
			buildConfigurationList = 35A7581B2B5FBC8F003C8620 /* Build configuration list for PBXNativeTarget "Kingdoms" */;
			buildPhases = (
				35A757FB2B5FBC8A003C8620 /* Sources */,
				35A757FC2B5FBC8A003C8620 /* Frameworks */,
				35A757FD2B5FBC8A003C8620 /* Resources */,
			);
			buildRules = (
			);
			dependencies = (
			);
			name = Kingdoms;
			productName = Kingdoms;
			productReference = 35A757FF2B5FBC8A003C8620 /* Kingdoms.app */;
			productType = "com.apple.product-type.application";
		};
/* End PBXNativeTarget section */

/* Begin PBXProject section */
		35A757F72B5FBC8A003C8620 /* Project object */ = {
			isa = PBXProject;
			attributes = {
				BuildIndependentTargetsInParallel = 1;
				LastUpgradeCheck = 1520;
				TargetAttributes = {
					35A757FE2B5FBC8A003C8620 = {
						CreatedOnToolsVersion = 15.2;
					};
				};
			};
			buildConfigurationList = 35A757FA2B5FBC8A003C8620 /* Build configuration list for PBXProject "Kingdoms" */;
			compatibilityVersion = "Xcode 14.0";
			developmentRegion = en;
			hasScannedForEncodings = 0;
			knownRegions = (
				en,
				Base,
			);
			mainGroup = 35A757F62B5FBC8A003C8620;
			productRefGroup = 35A758002B5FBC8A003C8620 /* Products */;
			projectDirPath = "";
			projectRoot = "";
			targets = (
				35A757FE2B5FBC8A003C8620 /* Kingdoms */,
			);
		};
/* End PBXProject section */

/* Begin PBXResourcesBuildPhase section */
		35A757FD2B5FBC8A003C8620 /* Resources */ = {
			isa = PBXResourcesBuildPhase;
			buildActionMask = 2147483647;
			files = (
				35A758112B5FBC8A003C8620 /* Main.storyboard in Resources */,
				35A758132B5FBC8F003C8620 /* Assets.xcassets in Resources */,
				35A758162B5FBC8F003C8620 /* LaunchScreen.storyboard in Resources */,
			);
			runOnlyForDeploymentPostprocessing = 0;
		};
/* End PBXResourcesBuildPhase section */

/* Begin PBXSourcesBuildPhase section */
		35A757FB2B5FBC8A003C8620 /* Sources */ = {
			isa = PBXSourcesBuildPhase;
			buildActionMask = 2147483647;
			files = (
				35A7580E2B5FBC8A003C8620 /* GameViewController.m in Sources */,
				35A758182B5FBC8F003C8620 /* main.m in Sources */,
				350F2A612B6ED50600D2F9A3 /* ApplicationSupportDirectory.m in Sources */,
				35A758042B5FBC8A003C8620 /* AppDelegate.m in Sources */,
			);
			runOnlyForDeploymentPostprocessing = 0;
		};
/* End PBXSourcesBuildPhase section */

/* Begin PBXVariantGroup section */
		35A7580F2B5FBC8A003C8620 /* Main.storyboard */ = {
			isa = PBXVariantGroup;
			children = (
				35A758102B5FBC8A003C8620 /* Base */,
			);
			name = Main.storyboard;
			sourceTree = "<group>";
		};
		35A758142B5FBC8F003C8620 /* LaunchScreen.storyboard */ = {
			isa = PBXVariantGroup;
			children = (
				35A758152B5FBC8F003C8620 /* Base */,
			);
			name = LaunchScreen.storyboard;
			sourceTree = "<group>";
		};
/* End PBXVariantGroup section */

/* Begin XCBuildConfiguration section */
		35A758192B5FBC8F003C8620 /* Debug */ = {
			isa = XCBuildConfiguration;
			buildSettings = {
				ALWAYS_SEARCH_USER_PATHS = NO;
				ASSETCATALOG_COMPILER_GENERATE_SWIFT_ASSET_SYMBOL_EXTENSIONS = YES;
				CLANG_ANALYZER_NONNULL = YES;
				CLANG_ANALYZER_NUMBER_OBJECT_CONVERSION = YES_AGGRESSIVE;
				CLANG_CXX_LANGUAGE_STANDARD = "gnu++20";
				CLANG_ENABLE_MODULES = YES;
				CLANG_ENABLE_OBJC_ARC = YES;
				CLANG_ENABLE_OBJC_WEAK = YES;
				CLANG_WARN_BLOCK_CAPTURE_AUTORELEASING = YES;
				CLANG_WARN_BOOL_CONVERSION = YES;
				CLANG_WARN_COMMA = YES;
				CLANG_WARN_CONSTANT_CONVERSION = YES;
				CLANG_WARN_DEPRECATED_OBJC_IMPLEMENTATIONS = YES;
				CLANG_WARN_DIRECT_OBJC_ISA_USAGE = YES_ERROR;
				CLANG_WARN_DOCUMENTATION_COMMENTS = YES;
				CLANG_WARN_EMPTY_BODY = YES;
				CLANG_WARN_ENUM_CONVERSION = YES;
				CLANG_WARN_INFINITE_RECURSION = YES;
				CLANG_WARN_INT_CONVERSION = YES;
				CLANG_WARN_NON_LITERAL_NULL_CONVERSION = YES;
				CLANG_WARN_OBJC_IMPLICIT_RETAIN_SELF = YES;
				CLANG_WARN_OBJC_LITERAL_CONVERSION = YES;
				CLANG_WARN_OBJC_ROOT_CLASS = YES_ERROR;
				CLANG_WARN_QUOTED_INCLUDE_IN_FRAMEWORK_HEADER = YES;
				CLANG_WARN_RANGE_LOOP_ANALYSIS = YES;
				CLANG_WARN_STRICT_PROTOTYPES = YES;
				CLANG_WARN_SUSPICIOUS_MOVE = YES;
				CLANG_WARN_UNGUARDED_AVAILABILITY = YES_AGGRESSIVE;
				CLANG_WARN_UNREACHABLE_CODE = YES;
				CLANG_WARN__DUPLICATE_METHOD_MATCH = YES;
				COPY_PHASE_STRIP = NO;
				DEBUG_INFORMATION_FORMAT = dwarf;
				ENABLE_STRICT_OBJC_MSGSEND = YES;
				ENABLE_TESTABILITY = YES;
				ENABLE_USER_SCRIPT_SANDBOXING = YES;
				GCC_C_LANGUAGE_STANDARD = gnu17;
				GCC_DYNAMIC_NO_PIC = NO;
				GCC_NO_COMMON_BLOCKS = YES;
				GCC_OPTIMIZATION_LEVEL = 0;
				GCC_PREPROCESSOR_DEFINITIONS = (
					"DEBUG=1",
					"$(inherited)",
				);
				GCC_WARN_64_TO_32_BIT_CONVERSION = YES;
				GCC_WARN_ABOUT_RETURN_TYPE = YES_ERROR;
				GCC_WARN_UNDECLARED_SELECTOR = YES;
				GCC_WARN_UNINITIALIZED_AUTOS = YES_AGGRESSIVE;
				GCC_WARN_UNUSED_FUNCTION = YES;
				GCC_WARN_UNUSED_VARIABLE = YES;
				IPHONEOS_DEPLOYMENT_TARGET = 17.2;
				LOCALIZATION_PREFERS_STRING_CATALOGS = YES;
				MTL_ENABLE_DEBUG_INFO = INCLUDE_SOURCE;
				MTL_FAST_MATH = YES;
				ONLY_ACTIVE_ARCH = YES;
				SDKROOT = iphoneos;
			};
			name = Debug;
		};
		35A7581A2B5FBC8F003C8620 /* Release */ = {
			isa = XCBuildConfiguration;
			buildSettings = {
				ALWAYS_SEARCH_USER_PATHS = NO;
				ASSETCATALOG_COMPILER_GENERATE_SWIFT_ASSET_SYMBOL_EXTENSIONS = YES;
				CLANG_ANALYZER_NONNULL = YES;
				CLANG_ANALYZER_NUMBER_OBJECT_CONVERSION = YES_AGGRESSIVE;
				CLANG_CXX_LANGUAGE_STANDARD = "gnu++20";
				CLANG_ENABLE_MODULES = YES;
				CLANG_ENABLE_OBJC_ARC = YES;
				CLANG_ENABLE_OBJC_WEAK = YES;
				CLANG_WARN_BLOCK_CAPTURE_AUTORELEASING = YES;
				CLANG_WARN_BOOL_CONVERSION = YES;
				CLANG_WARN_COMMA = YES;
				CLANG_WARN_CONSTANT_CONVERSION = YES;
				CLANG_WARN_DEPRECATED_OBJC_IMPLEMENTATIONS = YES;
				CLANG_WARN_DIRECT_OBJC_ISA_USAGE = YES_ERROR;
				CLANG_WARN_DOCUMENTATION_COMMENTS = YES;
				CLANG_WARN_EMPTY_BODY = YES;
				CLANG_WARN_ENUM_CONVERSION = YES;
				CLANG_WARN_INFINITE_RECURSION = YES;
				CLANG_WARN_INT_CONVERSION = YES;
				CLANG_WARN_NON_LITERAL_NULL_CONVERSION = YES;
				CLANG_WARN_OBJC_IMPLICIT_RETAIN_SELF = YES;
				CLANG_WARN_OBJC_LITERAL_CONVERSION = YES;
				CLANG_WARN_OBJC_ROOT_CLASS = YES_ERROR;
				CLANG_WARN_QUOTED_INCLUDE_IN_FRAMEWORK_HEADER = YES;
				CLANG_WARN_RANGE_LOOP_ANALYSIS = YES;
				CLANG_WARN_STRICT_PROTOTYPES = YES;
				CLANG_WARN_SUSPICIOUS_MOVE = YES;
				CLANG_WARN_UNGUARDED_AVAILABILITY = YES_AGGRESSIVE;
				CLANG_WARN_UNREACHABLE_CODE = YES;
				CLANG_WARN__DUPLICATE_METHOD_MATCH = YES;
				COPY_PHASE_STRIP = NO;
				DEBUG_INFORMATION_FORMAT = "dwarf-with-dsym";
				ENABLE_NS_ASSERTIONS = NO;
				ENABLE_STRICT_OBJC_MSGSEND = YES;
				ENABLE_USER_SCRIPT_SANDBOXING = YES;
				GCC_C_LANGUAGE_STANDARD = gnu17;
				GCC_NO_COMMON_BLOCKS = YES;
				GCC_WARN_64_TO_32_BIT_CONVERSION = YES;
				GCC_WARN_ABOUT_RETURN_TYPE = YES_ERROR;
				GCC_WARN_UNDECLARED_SELECTOR = YES;
				GCC_WARN_UNINITIALIZED_AUTOS = YES_AGGRESSIVE;
				GCC_WARN_UNUSED_FUNCTION = YES;
				GCC_WARN_UNUSED_VARIABLE = YES;
				IPHONEOS_DEPLOYMENT_TARGET = 17.2;
				LOCALIZATION_PREFERS_STRING_CATALOGS = YES;
				MTL_ENABLE_DEBUG_INFO = NO;
				MTL_FAST_MATH = YES;
				SDKROOT = iphoneos;
				VALIDATE_PRODUCT = YES;
			};
			name = Release;
		};
		35A7581C2B5FBC8F003C8620 /* Debug */ = {
			isa = XCBuildConfiguration;
			buildSettings = {
				ASSETCATALOG_COMPILER_APPICON_NAME = AppIcon;
				ASSETCATALOG_COMPILER_GLOBAL_ACCENT_COLOR_NAME = AccentColor;
				CODE_SIGN_IDENTITY = "Apple Development";
				CODE_SIGN_STYLE = Automatic;
				CURRENT_PROJECT_VERSION = 1;
				DEVELOPMENT_TEAM = 4GG7V976M5;
				GENERATE_INFOPLIST_FILE = YES;
				INFOPLIST_KEY_CFBundleDisplayName = Kingdoms;
				INFOPLIST_KEY_LSApplicationCategoryType = "public.app-category.strategy-games";
				INFOPLIST_KEY_UIApplicationSupportsIndirectInputEvents = YES;
				INFOPLIST_KEY_UILaunchStoryboardName = LaunchScreen.storyboard;
				INFOPLIST_KEY_UIMainStoryboardFile = Main;
				INFOPLIST_KEY_UIRequiresFullScreen = YES;
				INFOPLIST_KEY_UIStatusBarHidden = YES;
				INFOPLIST_KEY_UISupportedInterfaceOrientations = UIInterfaceOrientationLandscapeLeft;
				LD_RUNPATH_SEARCH_PATHS = (
					"$(inherited)",
					"@executable_path/Frameworks",
				);
				MARKETING_VERSION = 1.0;
				PRODUCT_BUNDLE_IDENTIFIER = MementoOllie.Kingdoms;
				PRODUCT_NAME = "$(TARGET_NAME)";
				PROVISIONING_PROFILE_SPECIFIER = "";
				SUPPORTED_PLATFORMS = "iphoneos iphonesimulator";
				SUPPORTS_MACCATALYST = NO;
				SUPPORTS_MAC_DESIGNED_FOR_IPHONE_IPAD = NO;
				SUPPORTS_XR_DESIGNED_FOR_IPHONE_IPAD = NO;
				SWIFT_EMIT_LOC_STRINGS = YES;
				TARGETED_DEVICE_FAMILY = "1,2";
			};
			name = Debug;
		};
		35A7581D2B5FBC8F003C8620 /* Release */ = {
			isa = XCBuildConfiguration;
			buildSettings = {
				ASSETCATALOG_COMPILER_APPICON_NAME = AppIcon;
				ASSETCATALOG_COMPILER_GLOBAL_ACCENT_COLOR_NAME = AccentColor;
				CODE_SIGN_IDENTITY = "Apple Development";
				CODE_SIGN_STYLE = Automatic;
				CURRENT_PROJECT_VERSION = 1;
				DEVELOPMENT_TEAM = 4GG7V976M5;
				GENERATE_INFOPLIST_FILE = YES;
				INFOPLIST_KEY_CFBundleDisplayName = Kingdoms;
				INFOPLIST_KEY_LSApplicationCategoryType = "public.app-category.strategy-games";
				INFOPLIST_KEY_UIApplicationSupportsIndirectInputEvents = YES;
				INFOPLIST_KEY_UILaunchStoryboardName = LaunchScreen.storyboard;
				INFOPLIST_KEY_UIMainStoryboardFile = Main;
				INFOPLIST_KEY_UIRequiresFullScreen = YES;
				INFOPLIST_KEY_UIStatusBarHidden = YES;
				INFOPLIST_KEY_UISupportedInterfaceOrientations = UIInterfaceOrientationLandscapeLeft;
				LD_RUNPATH_SEARCH_PATHS = (
					"$(inherited)",
					"@executable_path/Frameworks",
				);
				MARKETING_VERSION = 1.0;
				PRODUCT_BUNDLE_IDENTIFIER = MementoOllie.Kingdoms;
				PRODUCT_NAME = "$(TARGET_NAME)";
				PROVISIONING_PROFILE_SPECIFIER = "";
				SUPPORTED_PLATFORMS = "iphoneos iphonesimulator";
				SUPPORTS_MACCATALYST = NO;
				SUPPORTS_MAC_DESIGNED_FOR_IPHONE_IPAD = NO;
				SUPPORTS_XR_DESIGNED_FOR_IPHONE_IPAD = NO;
				SWIFT_EMIT_LOC_STRINGS = YES;
				TARGETED_DEVICE_FAMILY = "1,2";
			};
			name = Release;
		};
/* End XCBuildConfiguration section */

/* Begin XCConfigurationList section */
		35A757FA2B5FBC8A003C8620 /* Build configuration list for PBXProject "Kingdoms" */ = {
			isa = XCConfigurationList;
			buildConfigurations = (
				35A758192B5FBC8F003C8620 /* Debug */,
				35A7581A2B5FBC8F003C8620 /* Release */,
			);
			defaultConfigurationIsVisible = 0;
			defaultConfigurationName = Release;
		};
		35A7581B2B5FBC8F003C8620 /* Build configuration list for PBXNativeTarget "Kingdoms" */ = {
			isa = XCConfigurationList;
			buildConfigurations = (
				35A7581C2B5FBC8F003C8620 /* Debug */,
				35A7581D2B5FBC8F003C8620 /* Release */,
			);
			defaultConfigurationIsVisible = 0;
			defaultConfigurationName = Release;
		};
/* End XCConfigurationList section */
	};
	rootObject = 35A757F72B5FBC8A003C8620 /* Project object */;
}
